// !$*UTF8*$!
{
	archiveVersion = 1;
	classes = {
	};
	objectVersion = 48;
	objects = {

/* Begin PBXBuildFile section */
		A79824A820DFE94C00FB1E41 /* QuizViewController.swift in Sources */ = {isa = PBXBuildFile; fileRef = A79824A720DFE94C00FB1E41 /* QuizViewController.swift */; };
		A79824AC20DFEFC400FB1E41 /* Extensions.swift in Sources */ = {isa = PBXBuildFile; fileRef = A79824AB20DFEFC400FB1E41 /* Extensions.swift */; };
		A79824B520DFFB9400FB1E41 /* Constants.swift in Sources */ = {isa = PBXBuildFile; fileRef = A79824B420DFFB9400FB1E41 /* Constants.swift */; };
		A79824B820E01D3800FB1E41 /* Articles.swift in Sources */ = {isa = PBXBuildFile; fileRef = A79824B720E01D3800FB1E41 /* Articles.swift */; };
		A79824BA20E02FDB00FB1E41 /* Database.swift in Sources */ = {isa = PBXBuildFile; fileRef = A79824B920E02FDB00FB1E41 /* Database.swift */; };
		A79824BC20E0345D00FB1E41 /* APIClient.swift in Sources */ = {isa = PBXBuildFile; fileRef = A79824BB20E0345D00FB1E41 /* APIClient.swift */; };
		A7AC2CF120E2B11200F6679C /* ArticlesCollectionCell.swift in Sources */ = {isa = PBXBuildFile; fileRef = A7AC2CF020E2B11200F6679C /* ArticlesCollectionCell.swift */; };
		A7AC2CF420E2BEC400F6679C /* StartTransition.swift in Sources */ = {isa = PBXBuildFile; fileRef = A7AC2CF320E2BEC300F6679C /* StartTransition.swift */; };
		A7BC98B120E19038009C81C3 /* ArticlesTableViewCell.swift in Sources */ = {isa = PBXBuildFile; fileRef = A7BC98B020E19038009C81C3 /* ArticlesTableViewCell.swift */; };
		A7C5ADA520E15776009C474F /* ArticlesImageDownloader.swift in Sources */ = {isa = PBXBuildFile; fileRef = A7C5ADA420E15776009C474F /* ArticlesImageDownloader.swift */; };
		A7C5ADA720E179FF009C474F /* ThanksForVotingViewController.swift in Sources */ = {isa = PBXBuildFile; fileRef = A7C5ADA620E179FF009C474F /* ThanksForVotingViewController.swift */; };
		A7C5ADA920E182DE009C474F /* ArticlesLikesTableViewController.swift in Sources */ = {isa = PBXBuildFile; fileRef = A7C5ADA820E182DE009C474F /* ArticlesLikesTableViewController.swift */; };
		A7C5ADAB20E182FC009C474F /* ArticlesLikesCollectionViewController.swift in Sources */ = {isa = PBXBuildFile; fileRef = A7C5ADAA20E182FC009C474F /* ArticlesLikesCollectionViewController.swift */; };
		A7E65E3820DE619600ECFBD5 /* AppDelegate.swift in Sources */ = {isa = PBXBuildFile; fileRef = A7E65E3720DE619600ECFBD5 /* AppDelegate.swift */; };
		A7E65E3A20DE619600ECFBD5 /* StartingController.swift in Sources */ = {isa = PBXBuildFile; fileRef = A7E65E3920DE619600ECFBD5 /* StartingController.swift */; };
		A7E65E3D20DE619600ECFBD5 /* Main.storyboard in Resources */ = {isa = PBXBuildFile; fileRef = A7E65E3B20DE619600ECFBD5 /* Main.storyboard */; };
		A7E65E4220DE619600ECFBD5 /* Assets.xcassets in Resources */ = {isa = PBXBuildFile; fileRef = A7E65E4120DE619600ECFBD5 /* Assets.xcassets */; };
		A7E65E4520DE619600ECFBD5 /* LaunchScreen.storyboard in Resources */ = {isa = PBXBuildFile; fileRef = A7E65E4320DE619600ECFBD5 /* LaunchScreen.storyboard */; };
		A7E65E5020DE619600ECFBD5 /* Home24Tests.swift in Sources */ = {isa = PBXBuildFile; fileRef = A7E65E4F20DE619600ECFBD5 /* Home24Tests.swift */; };
		C68198AFC935201C7DDDF3BF /* Pods_Home24Tests.framework in Frameworks */ = {isa = PBXBuildFile; fileRef = 40B6A4E1752414ED6B6CAE5E /* Pods_Home24Tests.framework */; };
		E568F7FF7AF99E1E04658B6F /* Pods_Home24.framework in Frameworks */ = {isa = PBXBuildFile; fileRef = E71B181234B399E9D6CF591A /* Pods_Home24.framework */; };
/* End PBXBuildFile section */

/* Begin PBXContainerItemProxy section */
		A7E65E4C20DE619600ECFBD5 /* PBXContainerItemProxy */ = {
			isa = PBXContainerItemProxy;
			containerPortal = A7E65E2C20DE619600ECFBD5 /* Project object */;
			proxyType = 1;
			remoteGlobalIDString = A7E65E3320DE619600ECFBD5;
			remoteInfo = Home24;
		};
/* End PBXContainerItemProxy section */

/* Begin PBXFileReference section */
		40B6A4E1752414ED6B6CAE5E /* Pods_Home24Tests.framework */ = {isa = PBXFileReference; explicitFileType = wrapper.framework; includeInIndex = 0; path = Pods_Home24Tests.framework; sourceTree = BUILT_PRODUCTS_DIR; };
		A79824A720DFE94C00FB1E41 /* QuizViewController.swift */ = {isa = PBXFileReference; lastKnownFileType = sourcecode.swift; path = QuizViewController.swift; sourceTree = "<group>"; };
		A79824AB20DFEFC400FB1E41 /* Extensions.swift */ = {isa = PBXFileReference; lastKnownFileType = sourcecode.swift; path = Extensions.swift; sourceTree = "<group>"; };
		A79824B420DFFB9400FB1E41 /* Constants.swift */ = {isa = PBXFileReference; lastKnownFileType = sourcecode.swift; path = Constants.swift; sourceTree = "<group>"; };
		A79824B720E01D3800FB1E41 /* Articles.swift */ = {isa = PBXFileReference; lastKnownFileType = sourcecode.swift; path = Articles.swift; sourceTree = "<group>"; };
		A79824B920E02FDB00FB1E41 /* Database.swift */ = {isa = PBXFileReference; lastKnownFileType = sourcecode.swift; path = Database.swift; sourceTree = "<group>"; };
		A79824BB20E0345D00FB1E41 /* APIClient.swift */ = {isa = PBXFileReference; lastKnownFileType = sourcecode.swift; path = APIClient.swift; sourceTree = "<group>"; };
		A7AC2CF020E2B11200F6679C /* ArticlesCollectionCell.swift */ = {isa = PBXFileReference; lastKnownFileType = sourcecode.swift; path = ArticlesCollectionCell.swift; sourceTree = "<group>"; };
		A7AC2CF320E2BEC300F6679C /* StartTransition.swift */ = {isa = PBXFileReference; lastKnownFileType = sourcecode.swift; path = StartTransition.swift; sourceTree = "<group>"; };
		A7BC98B020E19038009C81C3 /* ArticlesTableViewCell.swift */ = {isa = PBXFileReference; lastKnownFileType = sourcecode.swift; path = ArticlesTableViewCell.swift; sourceTree = "<group>"; };
		A7C5ADA420E15776009C474F /* ArticlesImageDownloader.swift */ = {isa = PBXFileReference; lastKnownFileType = sourcecode.swift; path = ArticlesImageDownloader.swift; sourceTree = "<group>"; };
		A7C5ADA620E179FF009C474F /* ThanksForVotingViewController.swift */ = {isa = PBXFileReference; lastKnownFileType = sourcecode.swift; path = ThanksForVotingViewController.swift; sourceTree = "<group>"; };
		A7C5ADA820E182DE009C474F /* ArticlesLikesTableViewController.swift */ = {isa = PBXFileReference; lastKnownFileType = sourcecode.swift; path = ArticlesLikesTableViewController.swift; sourceTree = "<group>"; };
		A7C5ADAA20E182FC009C474F /* ArticlesLikesCollectionViewController.swift */ = {isa = PBXFileReference; lastKnownFileType = sourcecode.swift; path = ArticlesLikesCollectionViewController.swift; sourceTree = "<group>"; };
		A7E65E3420DE619600ECFBD5 /* Home24.app */ = {isa = PBXFileReference; explicitFileType = wrapper.application; includeInIndex = 0; path = Home24.app; sourceTree = BUILT_PRODUCTS_DIR; };
		A7E65E3720DE619600ECFBD5 /* AppDelegate.swift */ = {isa = PBXFileReference; lastKnownFileType = sourcecode.swift; path = AppDelegate.swift; sourceTree = "<group>"; };
		A7E65E3920DE619600ECFBD5 /* StartingController.swift */ = {isa = PBXFileReference; lastKnownFileType = sourcecode.swift; path = StartingController.swift; sourceTree = "<group>"; };
		A7E65E3C20DE619600ECFBD5 /* Base */ = {isa = PBXFileReference; lastKnownFileType = file.storyboard; name = Base; path = Base.lproj/Main.storyboard; sourceTree = "<group>"; };
		A7E65E4120DE619600ECFBD5 /* Assets.xcassets */ = {isa = PBXFileReference; lastKnownFileType = folder.assetcatalog; path = Assets.xcassets; sourceTree = "<group>"; };
		A7E65E4420DE619600ECFBD5 /* Base */ = {isa = PBXFileReference; lastKnownFileType = file.storyboard; name = Base; path = Base.lproj/LaunchScreen.storyboard; sourceTree = "<group>"; };
		A7E65E4620DE619600ECFBD5 /* Info.plist */ = {isa = PBXFileReference; lastKnownFileType = text.plist.xml; path = Info.plist; sourceTree = "<group>"; };
		A7E65E4B20DE619600ECFBD5 /* Home24Tests.xctest */ = {isa = PBXFileReference; explicitFileType = wrapper.cfbundle; includeInIndex = 0; path = Home24Tests.xctest; sourceTree = BUILT_PRODUCTS_DIR; };
		A7E65E4F20DE619600ECFBD5 /* Home24Tests.swift */ = {isa = PBXFileReference; lastKnownFileType = sourcecode.swift; path = Home24Tests.swift; sourceTree = "<group>"; };
		A7E65E5120DE619600ECFBD5 /* Info.plist */ = {isa = PBXFileReference; lastKnownFileType = text.plist.xml; path = Info.plist; sourceTree = "<group>"; };
		B5A813137CF3E4FE1A768ACF /* Pods-Home24Tests.debug.xcconfig */ = {isa = PBXFileReference; includeInIndex = 1; lastKnownFileType = text.xcconfig; name = "Pods-Home24Tests.debug.xcconfig"; path = "Pods/Target Support Files/Pods-Home24Tests/Pods-Home24Tests.debug.xcconfig"; sourceTree = "<group>"; };
		E6E211F94D816D974ADF033D /* Pods-Home24.debug.xcconfig */ = {isa = PBXFileReference; includeInIndex = 1; lastKnownFileType = text.xcconfig; name = "Pods-Home24.debug.xcconfig"; path = "Pods/Target Support Files/Pods-Home24/Pods-Home24.debug.xcconfig"; sourceTree = "<group>"; };
		E71B181234B399E9D6CF591A /* Pods_Home24.framework */ = {isa = PBXFileReference; explicitFileType = wrapper.framework; includeInIndex = 0; path = Pods_Home24.framework; sourceTree = BUILT_PRODUCTS_DIR; };
		F36CA6FB2A7FC9D45ABB44BD /* Pods-Home24Tests.release.xcconfig */ = {isa = PBXFileReference; includeInIndex = 1; lastKnownFileType = text.xcconfig; name = "Pods-Home24Tests.release.xcconfig"; path = "Pods/Target Support Files/Pods-Home24Tests/Pods-Home24Tests.release.xcconfig"; sourceTree = "<group>"; };
		F8F88E5C469D95AC56B85BC7 /* Pods-Home24.release.xcconfig */ = {isa = PBXFileReference; includeInIndex = 1; lastKnownFileType = text.xcconfig; name = "Pods-Home24.release.xcconfig"; path = "Pods/Target Support Files/Pods-Home24/Pods-Home24.release.xcconfig"; sourceTree = "<group>"; };
/* End PBXFileReference section */

/* Begin PBXFrameworksBuildPhase section */
		A7E65E3120DE619600ECFBD5 /* Frameworks */ = {
			isa = PBXFrameworksBuildPhase;
			buildActionMask = 2147483647;
			files = (
				E568F7FF7AF99E1E04658B6F /* Pods_Home24.framework in Frameworks */,
			);
			runOnlyForDeploymentPostprocessing = 0;
		};
		A7E65E4820DE619600ECFBD5 /* Frameworks */ = {
			isa = PBXFrameworksBuildPhase;
			buildActionMask = 2147483647;
			files = (
				C68198AFC935201C7DDDF3BF /* Pods_Home24Tests.framework in Frameworks */,
			);
			runOnlyForDeploymentPostprocessing = 0;
		};
/* End PBXFrameworksBuildPhase section */

/* Begin PBXGroup section */
		50CC65EFF17F5E867C2857F0 /* Pods */ = {
			isa = PBXGroup;
			children = (
				E6E211F94D816D974ADF033D /* Pods-Home24.debug.xcconfig */,
				F8F88E5C469D95AC56B85BC7 /* Pods-Home24.release.xcconfig */,
				B5A813137CF3E4FE1A768ACF /* Pods-Home24Tests.debug.xcconfig */,
				F36CA6FB2A7FC9D45ABB44BD /* Pods-Home24Tests.release.xcconfig */,
			);
			name = Pods;
			sourceTree = "<group>";
		};
		99F679000A134423115AEE36 /* Frameworks */ = {
			isa = PBXGroup;
			children = (
				E71B181234B399E9D6CF591A /* Pods_Home24.framework */,
				40B6A4E1752414ED6B6CAE5E /* Pods_Home24Tests.framework */,
			);
			name = Frameworks;
			sourceTree = "<group>";
		};
		A79824B320DFFB2D00FB1E41 /* Utils */ = {
			isa = PBXGroup;
			children = (
				A79824AB20DFEFC400FB1E41 /* Extensions.swift */,
				A79824B420DFFB9400FB1E41 /* Constants.swift */,
				A7C5ADA420E15776009C474F /* ArticlesImageDownloader.swift */,
			);
			path = Utils;
			sourceTree = "<group>";
		};
		A79824B620E01D1900FB1E41 /* Models */ = {
			isa = PBXGroup;
			children = (
				A79824B720E01D3800FB1E41 /* Articles.swift */,
				A79824B920E02FDB00FB1E41 /* Database.swift */,
				A79824BB20E0345D00FB1E41 /* APIClient.swift */,
			);
			path = Models;
			sourceTree = "<group>";
		};
		A7AC2CF220E2BE5800F6679C /* Transitions */ = {
			isa = PBXGroup;
			children = (
				A7AC2CF320E2BEC300F6679C /* StartTransition.swift */,
			);
			path = Transitions;
			sourceTree = "<group>";
		};
		A7E65E2B20DE619600ECFBD5 = {
			isa = PBXGroup;
			children = (
				A7E65E3620DE619600ECFBD5 /* Home24 */,
				A7E65E4E20DE619600ECFBD5 /* Home24Tests */,
				A7E65E3520DE619600ECFBD5 /* Products */,
				50CC65EFF17F5E867C2857F0 /* Pods */,
				99F679000A134423115AEE36 /* Frameworks */,
			);
			sourceTree = "<group>";
		};
		A7E65E3520DE619600ECFBD5 /* Products */ = {
			isa = PBXGroup;
			children = (
				A7E65E3420DE619600ECFBD5 /* Home24.app */,
				A7E65E4B20DE619600ECFBD5 /* Home24Tests.xctest */,
			);
			name = Products;
			sourceTree = "<group>";
		};
		A7E65E3620DE619600ECFBD5 /* Home24 */ = {
			isa = PBXGroup;
			children = (
				A7AC2CF220E2BE5800F6679C /* Transitions */,
				A79824B620E01D1900FB1E41 /* Models */,
				A79824B320DFFB2D00FB1E41 /* Utils */,
				A7E65E3720DE619600ECFBD5 /* AppDelegate.swift */,
				A7E65E3920DE619600ECFBD5 /* StartingController.swift */,
				A79824A720DFE94C00FB1E41 /* QuizViewController.swift */,
				A7C5ADA620E179FF009C474F /* ThanksForVotingViewController.swift */,
				A7C5ADA820E182DE009C474F /* ArticlesLikesTableViewController.swift */,
				A7C5ADAA20E182FC009C474F /* ArticlesLikesCollectionViewController.swift */,
				A7E65E3B20DE619600ECFBD5 /* Main.storyboard */,
				A7E65E4120DE619600ECFBD5 /* Assets.xcassets */,
				A7E65E4320DE619600ECFBD5 /* LaunchScreen.storyboard */,
				A7E65E4620DE619600ECFBD5 /* Info.plist */,
				A7BC98B020E19038009C81C3 /* ArticlesTableViewCell.swift */,
				A7AC2CF020E2B11200F6679C /* ArticlesCollectionCell.swift */,
			);
			path = Home24;
			sourceTree = "<group>";
		};
		A7E65E4E20DE619600ECFBD5 /* Home24Tests */ = {
			isa = PBXGroup;
			children = (
				A7E65E4F20DE619600ECFBD5 /* Home24Tests.swift */,
				A7E65E5120DE619600ECFBD5 /* Info.plist */,
			);
			path = Home24Tests;
			sourceTree = "<group>";
		};
/* End PBXGroup section */

/* Begin PBXNativeTarget section */
		A7E65E3320DE619600ECFBD5 /* Home24 */ = {
			isa = PBXNativeTarget;
			buildConfigurationList = A7E65E5420DE619600ECFBD5 /* Build configuration list for PBXNativeTarget "Home24" */;
			buildPhases = (
				23DC045801458705232D1BF4 /* [CP] Check Pods Manifest.lock */,
				A7E65E3020DE619600ECFBD5 /* Sources */,
				A7E65E3120DE619600ECFBD5 /* Frameworks */,
				A7E65E3220DE619600ECFBD5 /* Resources */,
				B9B9D3271C3167D8BDF4F800 /* [CP] Embed Pods Frameworks */,
			);
			buildRules = (
			);
			dependencies = (
			);
			name = Home24;
			productName = Home24;
			productReference = A7E65E3420DE619600ECFBD5 /* Home24.app */;
			productType = "com.apple.product-type.application";
		};
		A7E65E4A20DE619600ECFBD5 /* Home24Tests */ = {
			isa = PBXNativeTarget;
			buildConfigurationList = A7E65E5720DE619600ECFBD5 /* Build configuration list for PBXNativeTarget "Home24Tests" */;
			buildPhases = (
				0BF372C4FBC83E8626DEAA58 /* [CP] Check Pods Manifest.lock */,
				A7E65E4720DE619600ECFBD5 /* Sources */,
				A7E65E4820DE619600ECFBD5 /* Frameworks */,
				A7E65E4920DE619600ECFBD5 /* Resources */,
			);
			buildRules = (
			);
			dependencies = (
				A7E65E4D20DE619600ECFBD5 /* PBXTargetDependency */,
			);
			name = Home24Tests;
			productName = Home24Tests;
			productReference = A7E65E4B20DE619600ECFBD5 /* Home24Tests.xctest */;
			productType = "com.apple.product-type.bundle.unit-test";
		};
/* End PBXNativeTarget section */

/* Begin PBXProject section */
		A7E65E2C20DE619600ECFBD5 /* Project object */ = {
			isa = PBXProject;
			attributes = {
				LastSwiftUpdateCheck = 0910;
				LastUpgradeCheck = 0940;
				ORGANIZATIONNAME = Lyelo;
				TargetAttributes = {
					A7E65E3320DE619600ECFBD5 = {
						CreatedOnToolsVersion = 9.1;
						ProvisioningStyle = Automatic;
					};
					A7E65E4A20DE619600ECFBD5 = {
						CreatedOnToolsVersion = 9.1;
						ProvisioningStyle = Automatic;
						TestTargetID = A7E65E3320DE619600ECFBD5;
					};
				};
			};
			buildConfigurationList = A7E65E2F20DE619600ECFBD5 /* Build configuration list for PBXProject "Home24" */;
			compatibilityVersion = "Xcode 8.0";
			developmentRegion = en;
			hasScannedForEncodings = 0;
			knownRegions = (
				en,
				Base,
			);
			mainGroup = A7E65E2B20DE619600ECFBD5;
			productRefGroup = A7E65E3520DE619600ECFBD5 /* Products */;
			projectDirPath = "";
			projectRoot = "";
			targets = (
				A7E65E3320DE619600ECFBD5 /* Home24 */,
				A7E65E4A20DE619600ECFBD5 /* Home24Tests */,
			);
		};
/* End PBXProject section */

/* Begin PBXResourcesBuildPhase section */
		A7E65E3220DE619600ECFBD5 /* Resources */ = {
			isa = PBXResourcesBuildPhase;
			buildActionMask = 2147483647;
			files = (
				A7E65E4520DE619600ECFBD5 /* LaunchScreen.storyboard in Resources */,
				A7E65E4220DE619600ECFBD5 /* Assets.xcassets in Resources */,
				A7E65E3D20DE619600ECFBD5 /* Main.storyboard in Resources */,
			);
			runOnlyForDeploymentPostprocessing = 0;
		};
		A7E65E4920DE619600ECFBD5 /* Resources */ = {
			isa = PBXResourcesBuildPhase;
			buildActionMask = 2147483647;
			files = (
			);
			runOnlyForDeploymentPostprocessing = 0;
		};
/* End PBXResourcesBuildPhase section */

/* Begin PBXShellScriptBuildPhase section */
		0BF372C4FBC83E8626DEAA58 /* [CP] Check Pods Manifest.lock */ = {
			isa = PBXShellScriptBuildPhase;
			buildActionMask = 2147483647;
			files = (
			);
			inputPaths = (
				"${PODS_PODFILE_DIR_PATH}/Podfile.lock",
				"${PODS_ROOT}/Manifest.lock",
			);
			name = "[CP] Check Pods Manifest.lock";
			outputPaths = (
				"$(DERIVED_FILE_DIR)/Pods-Home24Tests-checkManifestLockResult.txt",
			);
			runOnlyForDeploymentPostprocessing = 0;
			shellPath = /bin/sh;
			shellScript = "diff \"${PODS_PODFILE_DIR_PATH}/Podfile.lock\" \"${PODS_ROOT}/Manifest.lock\" > /dev/null\nif [ $? != 0 ] ; then\n    # print error to STDERR\n    echo \"error: The sandbox is not in sync with the Podfile.lock. Run 'pod install' or update your CocoaPods installation.\" >&2\n    exit 1\nfi\n# This output is used by Xcode 'outputs' to avoid re-running this script phase.\necho \"SUCCESS\" > \"${SCRIPT_OUTPUT_FILE_0}\"\n";
			showEnvVarsInLog = 0;
		};
		23DC045801458705232D1BF4 /* [CP] Check Pods Manifest.lock */ = {
			isa = PBXShellScriptBuildPhase;
			buildActionMask = 2147483647;
			files = (
			);
			inputPaths = (
				"${PODS_PODFILE_DIR_PATH}/Podfile.lock",
				"${PODS_ROOT}/Manifest.lock",
			);
			name = "[CP] Check Pods Manifest.lock";
			outputPaths = (
				"$(DERIVED_FILE_DIR)/Pods-Home24-checkManifestLockResult.txt",
			);
			runOnlyForDeploymentPostprocessing = 0;
			shellPath = /bin/sh;
			shellScript = "diff \"${PODS_PODFILE_DIR_PATH}/Podfile.lock\" \"${PODS_ROOT}/Manifest.lock\" > /dev/null\nif [ $? != 0 ] ; then\n    # print error to STDERR\n    echo \"error: The sandbox is not in sync with the Podfile.lock. Run 'pod install' or update your CocoaPods installation.\" >&2\n    exit 1\nfi\n# This output is used by Xcode 'outputs' to avoid re-running this script phase.\necho \"SUCCESS\" > \"${SCRIPT_OUTPUT_FILE_0}\"\n";
			showEnvVarsInLog = 0;
		};
		B9B9D3271C3167D8BDF4F800 /* [CP] Embed Pods Frameworks */ = {
			isa = PBXShellScriptBuildPhase;
			buildActionMask = 2147483647;
			files = (
			);
			inputPaths = (
				"${SRCROOT}/Pods/Target Support Files/Pods-Home24/Pods-Home24-frameworks.sh",
				"${BUILT_PRODUCTS_DIR}/AFNetworking/AFNetworking.framework",
				"${BUILT_PRODUCTS_DIR}/Alamofire/Alamofire.framework",
				"${BUILT_PRODUCTS_DIR}/AlamofireObjectMapper/AlamofireObjectMapper.framework",
				"${BUILT_PRODUCTS_DIR}/Kingfisher/Kingfisher.framework",
				"${BUILT_PRODUCTS_DIR}/ObjectMapper/ObjectMapper.framework",
				"${BUILT_PRODUCTS_DIR}/SQLite.swift/SQLite.framework",
			);
			name = "[CP] Embed Pods Frameworks";
			outputPaths = (
				"${TARGET_BUILD_DIR}/${FRAMEWORKS_FOLDER_PATH}/AFNetworking.framework",
				"${TARGET_BUILD_DIR}/${FRAMEWORKS_FOLDER_PATH}/Alamofire.framework",
				"${TARGET_BUILD_DIR}/${FRAMEWORKS_FOLDER_PATH}/AlamofireObjectMapper.framework",
				"${TARGET_BUILD_DIR}/${FRAMEWORKS_FOLDER_PATH}/Kingfisher.framework",
				"${TARGET_BUILD_DIR}/${FRAMEWORKS_FOLDER_PATH}/ObjectMapper.framework",
				"${TARGET_BUILD_DIR}/${FRAMEWORKS_FOLDER_PATH}/SQLite.framework",
			);
			runOnlyForDeploymentPostprocessing = 0;
			shellPath = /bin/sh;
			shellScript = "\"${SRCROOT}/Pods/Target Support Files/Pods-Home24/Pods-Home24-frameworks.sh\"\n";
			showEnvVarsInLog = 0;
		};
/* End PBXShellScriptBuildPhase section */

/* Begin PBXSourcesBuildPhase section */
		A7E65E3020DE619600ECFBD5 /* Sources */ = {
			isa = PBXSourcesBuildPhase;
			buildActionMask = 2147483647;
			files = (
				A7E65E3A20DE619600ECFBD5 /* StartingController.swift in Sources */,
				A7E65E3820DE619600ECFBD5 /* AppDelegate.swift in Sources */,
				A79824A820DFE94C00FB1E41 /* QuizViewController.swift in Sources */,
				A79824BC20E0345D00FB1E41 /* APIClient.swift in Sources */,
				A7C5ADAB20E182FC009C474F /* ArticlesLikesCollectionViewController.swift in Sources */,
				A7C5ADA720E179FF009C474F /* ThanksForVotingViewController.swift in Sources */,
				A79824BA20E02FDB00FB1E41 /* Database.swift in Sources */,
				A7C5ADA520E15776009C474F /* ArticlesImageDownloader.swift in Sources */,
				A79824AC20DFEFC400FB1E41 /* Extensions.swift in Sources */,
				A79824B820E01D3800FB1E41 /* Articles.swift in Sources */,
				A7C5ADA920E182DE009C474F /* ArticlesLikesTableViewController.swift in Sources */,
				A79824B520DFFB9400FB1E41 /* Constants.swift in Sources */,
				A7AC2CF120E2B11200F6679C /* ArticlesCollectionCell.swift in Sources */,
				A7BC98B120E19038009C81C3 /* ArticlesTableViewCell.swift in Sources */,
				A7AC2CF420E2BEC400F6679C /* StartTransition.swift in Sources */,
			);
			runOnlyForDeploymentPostprocessing = 0;
		};
		A7E65E4720DE619600ECFBD5 /* Sources */ = {
			isa = PBXSourcesBuildPhase;
			buildActionMask = 2147483647;
			files = (
				A7E65E5020DE619600ECFBD5 /* Home24Tests.swift in Sources */,
			);
			runOnlyForDeploymentPostprocessing = 0;
		};
/* End PBXSourcesBuildPhase section */

/* Begin PBXTargetDependency section */
		A7E65E4D20DE619600ECFBD5 /* PBXTargetDependency */ = {
			isa = PBXTargetDependency;
			target = A7E65E3320DE619600ECFBD5 /* Home24 */;
			targetProxy = A7E65E4C20DE619600ECFBD5 /* PBXContainerItemProxy */;
		};
/* End PBXTargetDependency section */

/* Begin PBXVariantGroup section */
		A7E65E3B20DE619600ECFBD5 /* Main.storyboard */ = {
			isa = PBXVariantGroup;
			children = (
				A7E65E3C20DE619600ECFBD5 /* Base */,
			);
			name = Main.storyboard;
			sourceTree = "<group>";
		};
		A7E65E4320DE619600ECFBD5 /* LaunchScreen.storyboard */ = {
			isa = PBXVariantGroup;
			children = (
				A7E65E4420DE619600ECFBD5 /* Base */,
			);
			name = LaunchScreen.storyboard;
			sourceTree = "<group>";
		};
/* End PBXVariantGroup section */

/* Begin XCBuildConfiguration section */
		A7E65E5220DE619600ECFBD5 /* Debug */ = {
			isa = XCBuildConfiguration;
			buildSettings = {
				ALWAYS_SEARCH_USER_PATHS = NO;
				CLANG_ANALYZER_NONNULL = YES;
				CLANG_ANALYZER_NUMBER_OBJECT_CONVERSION = YES_AGGRESSIVE;
				CLANG_CXX_LANGUAGE_STANDARD = "gnu++14";
				CLANG_CXX_LIBRARY = "libc++";
				CLANG_ENABLE_MODULES = YES;
				CLANG_ENABLE_OBJC_ARC = YES;
				CLANG_WARN_BLOCK_CAPTURE_AUTORELEASING = YES;
				CLANG_WARN_BOOL_CONVERSION = YES;
				CLANG_WARN_COMMA = YES;
				CLANG_WARN_CONSTANT_CONVERSION = YES;
				CLANG_WARN_DEPRECATED_OBJC_IMPLEMENTATIONS = YES;
				CLANG_WARN_DIRECT_OBJC_ISA_USAGE = YES_ERROR;
				CLANG_WARN_DOCUMENTATION_COMMENTS = YES;
				CLANG_WARN_EMPTY_BODY = YES;
				CLANG_WARN_ENUM_CONVERSION = YES;
				CLANG_WARN_INFINITE_RECURSION = YES;
				CLANG_WARN_INT_CONVERSION = YES;
				CLANG_WARN_NON_LITERAL_NULL_CONVERSION = YES;
				CLANG_WARN_OBJC_IMPLICIT_RETAIN_SELF = YES;
				CLANG_WARN_OBJC_LITERAL_CONVERSION = YES;
				CLANG_WARN_OBJC_ROOT_CLASS = YES_ERROR;
				CLANG_WARN_RANGE_LOOP_ANALYSIS = YES;
				CLANG_WARN_STRICT_PROTOTYPES = YES;
				CLANG_WARN_SUSPICIOUS_MOVE = YES;
				CLANG_WARN_UNGUARDED_AVAILABILITY = YES_AGGRESSIVE;
				CLANG_WARN_UNREACHABLE_CODE = YES;
				CLANG_WARN__DUPLICATE_METHOD_MATCH = YES;
				CODE_SIGN_IDENTITY = "iPhone Developer";
				COPY_PHASE_STRIP = NO;
				DEBUG_INFORMATION_FORMAT = dwarf;
				ENABLE_STRICT_OBJC_MSGSEND = YES;
				ENABLE_TESTABILITY = YES;
				GCC_C_LANGUAGE_STANDARD = gnu11;
				GCC_DYNAMIC_NO_PIC = NO;
				GCC_NO_COMMON_BLOCKS = YES;
				GCC_OPTIMIZATION_LEVEL = 0;
				GCC_PREPROCESSOR_DEFINITIONS = (
					"DEBUG=1",
					"$(inherited)",
				);
				GCC_WARN_64_TO_32_BIT_CONVERSION = YES;
				GCC_WARN_ABOUT_RETURN_TYPE = YES_ERROR;
				GCC_WARN_UNDECLARED_SELECTOR = YES;
				GCC_WARN_UNINITIALIZED_AUTOS = YES_AGGRESSIVE;
				GCC_WARN_UNUSED_FUNCTION = YES;
				GCC_WARN_UNUSED_VARIABLE = YES;
				IPHONEOS_DEPLOYMENT_TARGET = 11.4;
				MTL_ENABLE_DEBUG_INFO = YES;
				ONLY_ACTIVE_ARCH = YES;
				SDKROOT = iphoneos;
				SWIFT_ACTIVE_COMPILATION_CONDITIONS = DEBUG;
				SWIFT_OPTIMIZATION_LEVEL = "-Onone";
			};
			name = Debug;
		};
		A7E65E5320DE619600ECFBD5 /* Release */ = {
			isa = XCBuildConfiguration;
			buildSettings = {
				ALWAYS_SEARCH_USER_PATHS = NO;
				CLANG_ANALYZER_NONNULL = YES;
				CLANG_ANALYZER_NUMBER_OBJECT_CONVERSION = YES_AGGRESSIVE;
				CLANG_CXX_LANGUAGE_STANDARD = "gnu++14";
				CLANG_CXX_LIBRARY = "libc++";
				CLANG_ENABLE_MODULES = YES;
				CLANG_ENABLE_OBJC_ARC = YES;
				CLANG_WARN_BLOCK_CAPTURE_AUTORELEASING = YES;
				CLANG_WARN_BOOL_CONVERSION = YES;
				CLANG_WARN_COMMA = YES;
				CLANG_WARN_CONSTANT_CONVERSION = YES;
				CLANG_WARN_DEPRECATED_OBJC_IMPLEMENTATIONS = YES;
				CLANG_WARN_DIRECT_OBJC_ISA_USAGE = YES_ERROR;
				CLANG_WARN_DOCUMENTATION_COMMENTS = YES;
				CLANG_WARN_EMPTY_BODY = YES;
				CLANG_WARN_ENUM_CONVERSION = YES;
				CLANG_WARN_INFINITE_RECURSION = YES;
				CLANG_WARN_INT_CONVERSION = YES;
				CLANG_WARN_NON_LITERAL_NULL_CONVERSION = YES;
				CLANG_WARN_OBJC_IMPLICIT_RETAIN_SELF = YES;
				CLANG_WARN_OBJC_LITERAL_CONVERSION = YES;
				CLANG_WARN_OBJC_ROOT_CLASS = YES_ERROR;
				CLANG_WARN_RANGE_LOOP_ANALYSIS = YES;
				CLANG_WARN_STRICT_PROTOTYPES = YES;
				CLANG_WARN_SUSPICIOUS_MOVE = YES;
				CLANG_WARN_UNGUARDED_AVAILABILITY = YES_AGGRESSIVE;
				CLANG_WARN_UNREACHABLE_CODE = YES;
				CLANG_WARN__DUPLICATE_METHOD_MATCH = YES;
				CODE_SIGN_IDENTITY = "iPhone Developer";
				COPY_PHASE_STRIP = NO;
				DEBUG_INFORMATION_FORMAT = "dwarf-with-dsym";
				ENABLE_NS_ASSERTIONS = NO;
				ENABLE_STRICT_OBJC_MSGSEND = YES;
				GCC_C_LANGUAGE_STANDARD = gnu11;
				GCC_NO_COMMON_BLOCKS = YES;
				GCC_WARN_64_TO_32_BIT_CONVERSION = YES;
				GCC_WARN_ABOUT_RETURN_TYPE = YES_ERROR;
				GCC_WARN_UNDECLARED_SELECTOR = YES;
				GCC_WARN_UNINITIALIZED_AUTOS = YES_AGGRESSIVE;
				GCC_WARN_UNUSED_FUNCTION = YES;
				GCC_WARN_UNUSED_VARIABLE = YES;
				IPHONEOS_DEPLOYMENT_TARGET = 11.4;
				MTL_ENABLE_DEBUG_INFO = NO;
				SDKROOT = iphoneos;
				SWIFT_OPTIMIZATION_LEVEL = "-Owholemodule";
				VALIDATE_PRODUCT = YES;
			};
			name = Release;
		};
		A7E65E5520DE619600ECFBD5 /* Debug */ = {
			isa = XCBuildConfiguration;
			baseConfigurationReference = E6E211F94D816D974ADF033D /* Pods-Home24.debug.xcconfig */;
			buildSettings = {
				ASSETCATALOG_COMPILER_APPICON_NAME = AppIcon;
				CODE_SIGN_STYLE = Automatic;
				DEVELOPMENT_TEAM = SZ4THN2W8Q;
				INFOPLIST_FILE = Home24/Info.plist;
				LD_RUNPATH_SEARCH_PATHS = "$(inherited) @executable_path/Frameworks";
				PRODUCT_BUNDLE_IDENTIFIER = com.lyelo.Home24;
				PRODUCT_NAME = "$(TARGET_NAME)";
				SWIFT_VERSION = 4.0;
				TARGETED_DEVICE_FAMILY = "1,2";
			};
			name = Debug;
		};
		A7E65E5620DE619600ECFBD5 /* Release */ = {
			isa = XCBuildConfiguration;
			baseConfigurationReference = F8F88E5C469D95AC56B85BC7 /* Pods-Home24.release.xcconfig */;
			buildSettings = {
				ASSETCATALOG_COMPILER_APPICON_NAME = AppIcon;
				CODE_SIGN_STYLE = Automatic;
				DEVELOPMENT_TEAM = SZ4THN2W8Q;
				INFOPLIST_FILE = Home24/Info.plist;
				LD_RUNPATH_SEARCH_PATHS = "$(inherited) @executable_path/Frameworks";
				PRODUCT_BUNDLE_IDENTIFIER = com.lyelo.Home24;
				PRODUCT_NAME = "$(TARGET_NAME)";
				SWIFT_VERSION = 4.0;
				TARGETED_DEVICE_FAMILY = "1,2";
			};
			name = Release;
		};
		A7E65E5820DE619600ECFBD5 /* Debug */ = {
			isa = XCBuildConfiguration;
			baseConfigurationReference = B5A813137CF3E4FE1A768ACF /* Pods-Home24Tests.debug.xcconfig */;
			buildSettings = {
				ALWAYS_EMBED_SWIFT_STANDARD_LIBRARIES = YES;
				BUNDLE_LOADER = "$(TEST_HOST)";
				CODE_SIGN_STYLE = Automatic;
				DEVELOPMENT_TEAM = SZ4THN2W8Q;
				INFOPLIST_FILE = Home24Tests/Info.plist;
				LD_RUNPATH_SEARCH_PATHS = "$(inherited) @executable_path/Frameworks @loader_path/Frameworks";
				PRODUCT_BUNDLE_IDENTIFIER = com.lyelo.Home24Tests;
				PRODUCT_NAME = "$(TARGET_NAME)";
				SWIFT_VERSION = 4.0;
				TARGETED_DEVICE_FAMILY = "1,2";
				TEST_HOST = "$(BUILT_PRODUCTS_DIR)/Home24.app/Home24";
			};
			name = Debug;
		};
		A7E65E5920DE619600ECFBD5 /* Release */ = {
			isa = XCBuildConfiguration;
			baseConfigurationReference = F36CA6FB2A7FC9D45ABB44BD /* Pods-Home24Tests.release.xcconfig */;
			buildSettings = {
				ALWAYS_EMBED_SWIFT_STANDARD_LIBRARIES = YES;
				BUNDLE_LOADER = "$(TEST_HOST)";
				CODE_SIGN_STYLE = Automatic;
				DEVELOPMENT_TEAM = SZ4THN2W8Q;
				INFOPLIST_FILE = Home24Tests/Info.plist;
				LD_RUNPATH_SEARCH_PATHS = "$(inherited) @executable_path/Frameworks @loader_path/Frameworks";
				PRODUCT_BUNDLE_IDENTIFIER = com.lyelo.Home24Tests;
				PRODUCT_NAME = "$(TARGET_NAME)";
				SWIFT_VERSION = 4.0;
				TARGETED_DEVICE_FAMILY = "1,2";
				TEST_HOST = "$(BUILT_PRODUCTS_DIR)/Home24.app/Home24";
			};
			name = Release;
		};
/* End XCBuildConfiguration section */

/* Begin XCConfigurationList section */
		A7E65E2F20DE619600ECFBD5 /* Build configuration list for PBXProject "Home24" */ = {
			isa = XCConfigurationList;
			buildConfigurations = (
				A7E65E5220DE619600ECFBD5 /* Debug */,
				A7E65E5320DE619600ECFBD5 /* Release */,
			);
			defaultConfigurationIsVisible = 0;
			defaultConfigurationName = Release;
		};
		A7E65E5420DE619600ECFBD5 /* Build configuration list for PBXNativeTarget "Home24" */ = {
			isa = XCConfigurationList;
			buildConfigurations = (
				A7E65E5520DE619600ECFBD5 /* Debug */,
				A7E65E5620DE619600ECFBD5 /* Release */,
			);
			defaultConfigurationIsVisible = 0;
			defaultConfigurationName = Release;
		};
		A7E65E5720DE619600ECFBD5 /* Build configuration list for PBXNativeTarget "Home24Tests" */ = {
			isa = XCConfigurationList;
			buildConfigurations = (
				A7E65E5820DE619600ECFBD5 /* Debug */,
				A7E65E5920DE619600ECFBD5 /* Release */,
			);
			defaultConfigurationIsVisible = 0;
			defaultConfigurationName = Release;
		};
/* End XCConfigurationList section */
	};
	rootObject = A7E65E2C20DE619600ECFBD5 /* Project object */;
}
